# This file was autogenerated by Stack.
# You should not edit this file by hand.
# For more information, please see the documentation at:
#   https://docs.haskellstack.org/en/stable/lock_files

packages:
- completed:
    cabal-file:
      size: 3736
      sha256: 59d3e3970bbb58b48cc1aa76409178bada0f5a07314775b3541516d3edeeb40b
    name: functor-combinators
    version: 0.1.1.0
    git: git@github.com:mstksg/functor-combinators.git
    pantry-tree:
      size: 1761
      sha256: 086973f048841006d55ae3dc41f65e5877538475ff9194200b35f3d3b0d4633e
    commit: 4635c2aa526a971b9cbc42e4185e34d422b0f1f6
  original:
    git: git@github.com:mstksg/functor-combinators.git
    commit: 4635c2aa526a971b9cbc42e4185e34d422b0f1f6
- completed:
    hackage: trivial-constraint-0.5.1.0@sha256:80f052aa9527ed23fe4bf5066535d5a393a1573b9c193a4cddd2c51ab12b310f,1767
    pantry-tree:
      size: 234
      sha256: 92c37318759cbff761155e9d23f786a1e0b62f154cb3edfb6e87f91bc7bf821c
  original:
    hackage: trivial-constraint-0.5.1.0@sha256:80f052aa9527ed23fe4bf5066535d5a393a1573b9c193a4cddd2c51ab12b310f,1767
snapshots:
- completed:
    size: 499461
    url: https://raw.githubusercontent.com/commercialhaskell/stackage-snapshots/master/lts/13/25.yaml
    sha256: aed98969628e20615e96b06083c933c7e3354ae56b08b75e607a26569225d6c0
  original: lts-13.25
