# This file was autogenerated by Stack.
# You should not edit this file by hand.
# For more information, please see the documentation at:
#   https://docs.haskellstack.org/en/stable/lock_files

packages:
- completed:
    cabal-file:
      size: 482
      sha256: 2d211398114b33347bfcd981212b7e6ff929dda1ab056aa8c547e84e26cbc0bd
    name: test-hunit-util
    version: '0.1'
    git: https://github.com/haroldcarr/test-hunit-util.git
    pantry-tree:
      size: 415
      sha256: 0140036467dabe3446a0b52c845373af4073eb511c32336eef28e448435ce2c5
    commit: 76246854236d38ae569c0c7907abbd506902cd05
  original:
    git: https://github.com/haroldcarr/test-hunit-util.git
    commit: 76246854236d38ae569c0c7907abbd506902cd05
snapshots:
- completed:
    size: 499461
    url: https://raw.githubusercontent.com/commercialhaskell/stackage-snapshots/master/lts/13/25.yaml
    sha256: aed98969628e20615e96b06083c933c7e3354ae56b08b75e607a26569225d6c0
  original: lts-13.25
